
Microsoft Visual Studio Solution File, Format Version 12.00
# Visual Studio Version 17
VisualStudioVersion = 17.8.34112.27
MinimumVisualStudioVersion = 10.0.40219.1
Project("{9A19103F-16F7-4668-BE54-9A1E7A4F7556}") = "ConsoleDemo", "ConsoleDemo\ConsoleDemo.csproj", "{D187A238-3803-45F8-AA9C-B36F4BDE54A9}"
EndProject
Project("{9A19103F-16F7-4668-BE54-9A1E7A4F7556}") = "DisposeMe", "DisposeMe\DisposeMe.csproj", "{65BE78ED-EAF5-42E5-AC08-AFEDF1FDB36E}"
EndProject
Project("{FAE04EC0-301F-11D3-BF4B-00C04F79EFBC}") = "Accessing", "Accessing\Accessing.csproj", "{74BE5159-33CA-47CD-8DDE-BC7375F44311}"
EndProject
Project("{FAE04EC0-301F-11D3-BF4B-00C04F79EFBC}") = "Equality", "Equality\Equality.csproj", "{E4A27B7E-CAA4-445E-B5E2-D767CA40626E}"
EndProject
Global
	GlobalSection(SolutionConfigurationPlatforms) = preSolution
		Debug|Any CPU = Debug|Any CPU
		Release|Any CPU = Release|Any CPU
	EndGlobalSection
	GlobalSection(ProjectConfigurationPlatforms) = postSolution
		{D187A238-3803-45F8-AA9C-B36F4BDE54A9}.Debug|Any CPU.ActiveCfg = Debug|Any CPU
		{D187A238-3803-45F8-AA9C-B36F4BDE54A9}.Debug|Any CPU.Build.0 = Debug|Any CPU
		{D187A238-3803-45F8-AA9C-B36F4BDE54A9}.Release|Any CPU.ActiveCfg = Release|Any CPU
		{D187A238-3803-45F8-AA9C-B36F4BDE54A9}.Release|Any CPU.Build.0 = Release|Any CPU
		{65BE78ED-EAF5-42E5-AC08-AFEDF1FDB36E}.Debug|Any CPU.ActiveCfg = Debug|Any CPU
		{65BE78ED-EAF5-42E5-AC08-AFEDF1FDB36E}.Debug|Any CPU.Build.0 = Debug|Any CPU
		{65BE78ED-EAF5-42E5-AC08-AFEDF1FDB36E}.Release|Any CPU.ActiveCfg = Release|Any CPU
		{65BE78ED-EAF5-42E5-AC08-AFEDF1FDB36E}.Release|Any CPU.Build.0 = Release|Any CPU
		{74BE5159-33CA-47CD-8DDE-BC7375F44311}.Debug|Any CPU.ActiveCfg = Debug|Any CPU
		{74BE5159-33CA-47CD-8DDE-BC7375F44311}.Debug|Any CPU.Build.0 = Debug|Any CPU
		{74BE5159-33CA-47CD-8DDE-BC7375F44311}.Release|Any CPU.ActiveCfg = Release|Any CPU
		{74BE5159-33CA-47CD-8DDE-BC7375F44311}.Release|Any CPU.Build.0 = Release|Any CPU
		{E4A27B7E-CAA4-445E-B5E2-D767CA40626E}.Debug|Any CPU.ActiveCfg = Debug|Any CPU
		{E4A27B7E-CAA4-445E-B5E2-D767CA40626E}.Debug|Any CPU.Build.0 = Debug|Any CPU
		{E4A27B7E-CAA4-445E-B5E2-D767CA40626E}.Release|Any CPU.ActiveCfg = Release|Any CPU
		{E4A27B7E-CAA4-445E-B5E2-D767CA40626E}.Release|Any CPU.Build.0 = Release|Any CPU
	EndGlobalSection
	GlobalSection(SolutionProperties) = preSolution
		HideSolutionNode = FALSE
	EndGlobalSection
	GlobalSection(ExtensibilityGlobals) = postSolution
		SolutionGuid = {50246DC4-3CA8-4F68-8FFE-158657D7C1ED}
	EndGlobalSection
EndGlobal
